
Microsoft Visual Studio Solution File, Format Version 12.00
# Visual Studio Version 17
VisualStudioVersion = 17.14.36121.58 d17.14
MinimumVisualStudioVersion = 10.0.40219.1
Project("{FAE04EC0-301F-11D3-BF4B-00C04F79EFBC}") = "PartModelVis", "PartModelVis\PartModelVis.csproj", "{7EDAF38A-F46D-4443-893C-7D3FECC4CB83}"
EndProject
Project("{FAE04EC0-301F-11D3-BF4B-00C04F79EFBC}") = "PartModelVis.Core", "PartModelVis.Core\PartModelVis.Core.csproj", "{666A61DE-CEAB-46E8-A0A7-48CF9A169C4E}"
EndProject
Global
	GlobalSection(SolutionConfigurationPlatforms) = preSolution
		Debug|Any CPU = Debug|Any CPU
		Release|Any CPU = Release|Any CPU
	EndGlobalSection
	GlobalSection(ProjectConfigurationPlatforms) = postSolution
		{7EDAF38A-F46D-4443-893C-7D3FECC4CB83}.Debug|Any CPU.ActiveCfg = Debug|Any CPU
		{7EDAF38A-F46D-4443-893C-7D3FECC4CB83}.Debug|Any CPU.Build.0 = Debug|Any CPU
		{7EDAF38A-F46D-4443-893C-7D3FECC4CB83}.Release|Any CPU.ActiveCfg = Release|Any CPU
		{7EDAF38A-F46D-4443-893C-7D3FECC4CB83}.Release|Any CPU.Build.0 = Release|Any CPU
		{666A61DE-CEAB-46E8-A0A7-48CF9A169C4E}.Debug|Any CPU.ActiveCfg = Debug|Any CPU
		{666A61DE-CEAB-46E8-A0A7-48CF9A169C4E}.Debug|Any CPU.Build.0 = Debug|Any CPU
		{666A61DE-CEAB-46E8-A0A7-48CF9A169C4E}.Release|Any CPU.ActiveCfg = Release|Any CPU
		{666A61DE-CEAB-46E8-A0A7-48CF9A169C4E}.Release|Any CPU.Build.0 = Release|Any CPU
	EndGlobalSection
	GlobalSection(SolutionProperties) = preSolution
		HideSolutionNode = FALSE
	EndGlobalSection
	GlobalSection(ExtensibilityGlobals) = postSolution
		SolutionGuid = {F94E429E-7DF1-41AE-94A0-02B1987ECEE8}
	EndGlobalSection
EndGlobal
